
Microsoft Visual Studio Solution File, Format Version 12.00
# Visual Studio 15
VisualStudioVersion = 15.0.28307.168
MinimumVisualStudioVersion = 10.0.40219.1
Project("{FAE04EC0-301F-11D3-BF4B-00C04F79EFBC}") = "HydrantFlowTest", "HydrantFlowTest\HydrantFlowTest.csproj", "{E458A001-3BA1-4ECD-BDED-1BDA37921FB6}"
EndProject
Global
	GlobalSection(SolutionConfigurationPlatforms) = preSolution
		Debug|Any CPU = Debug|Any CPU
		Release|Any CPU = Release|Any CPU
	EndGlobalSection
	GlobalSection(ProjectConfigurationPlatforms) = postSolution
		{E458A001-3BA1-4ECD-BDED-1BDA37921FB6}.Debug|Any CPU.ActiveCfg = Debug|Any CPU
		{E458A001-3BA1-4ECD-BDED-1BDA37921FB6}.Debug|Any CPU.Build.0 = Debug|Any CPU
		{E458A001-3BA1-4ECD-BDED-1BDA37921FB6}.Release|Any CPU.ActiveCfg = Release|Any CPU
		{E458A001-3BA1-4ECD-BDED-1BDA37921FB6}.Release|Any CPU.Build.0 = Release|Any CPU
	EndGlobalSection
	GlobalSection(SolutionProperties) = preSolution
		HideSolutionNode = FALSE
	EndGlobalSection
	GlobalSection(ExtensibilityGlobals) = postSolution
		SolutionGuid = {D589BA23-2C6D-43D0-A4DC-BC2C1072425E}
	EndGlobalSection
EndGlobal
