
Microsoft Visual Studio Solution File, Format Version 12.00
# Visual Studio Version 17
VisualStudioVersion = 17.0.32112.339
MinimumVisualStudioVersion = 10.0.40219.1
Project("{FAE04EC0-301F-11D3-BF4B-00C04F79EFBC}") = "HydrantFlowTest", "HydrantFlowTest\HydrantFlowTest.csproj", "{E458A001-3BA1-4ECD-BDED-1BDA37921FB6}"
EndProject
Project("{FAE04EC0-301F-11D3-BF4B-00C04F79EFBC}") = "DataAccessLibrary", "DataAccessLibrary\DataAccessLibrary.csproj", "{47A8762C-074D-4765-9204-0422D02FDB3B}"
EndProject
Project("{00D1A9C2-B5F0-4AF3-8072-F6C62B433612}") = "HydrantFlowTestDB", "HydrantFlowTestDB\HydrantFlowTestDB.sqlproj", "{F0D65034-4BD8-4533-91CD-80F265F6AFD8}"
EndProject
Global
	GlobalSection(SolutionConfigurationPlatforms) = preSolution
		Debug|Any CPU = Debug|Any CPU
		Release|Any CPU = Release|Any CPU
	EndGlobalSection
	GlobalSection(ProjectConfigurationPlatforms) = postSolution
		{E458A001-3BA1-4ECD-BDED-1BDA37921FB6}.Debug|Any CPU.ActiveCfg = Debug|Any CPU
		{E458A001-3BA1-4ECD-BDED-1BDA37921FB6}.Debug|Any CPU.Build.0 = Debug|Any CPU
		{E458A001-3BA1-4ECD-BDED-1BDA37921FB6}.Release|Any CPU.ActiveCfg = Release|Any CPU
		{E458A001-3BA1-4ECD-BDED-1BDA37921FB6}.Release|Any CPU.Build.0 = Release|Any CPU
		{47A8762C-074D-4765-9204-0422D02FDB3B}.Debug|Any CPU.ActiveCfg = Debug|Any CPU
		{47A8762C-074D-4765-9204-0422D02FDB3B}.Debug|Any CPU.Build.0 = Debug|Any CPU
		{47A8762C-074D-4765-9204-0422D02FDB3B}.Release|Any CPU.ActiveCfg = Release|Any CPU
		{47A8762C-074D-4765-9204-0422D02FDB3B}.Release|Any CPU.Build.0 = Release|Any CPU
		{F0D65034-4BD8-4533-91CD-80F265F6AFD8}.Debug|Any CPU.ActiveCfg = Debug|Any CPU
		{F0D65034-4BD8-4533-91CD-80F265F6AFD8}.Debug|Any CPU.Build.0 = Debug|Any CPU
		{F0D65034-4BD8-4533-91CD-80F265F6AFD8}.Debug|Any CPU.Deploy.0 = Debug|Any CPU
		{F0D65034-4BD8-4533-91CD-80F265F6AFD8}.Release|Any CPU.ActiveCfg = Release|Any CPU
		{F0D65034-4BD8-4533-91CD-80F265F6AFD8}.Release|Any CPU.Build.0 = Release|Any CPU
		{F0D65034-4BD8-4533-91CD-80F265F6AFD8}.Release|Any CPU.Deploy.0 = Release|Any CPU
	EndGlobalSection
	GlobalSection(SolutionProperties) = preSolution
		HideSolutionNode = FALSE
	EndGlobalSection
	GlobalSection(ExtensibilityGlobals) = postSolution
		SolutionGuid = {D589BA23-2C6D-43D0-A4DC-BC2C1072425E}
	EndGlobalSection
EndGlobal
